{
    "name": "@visual-tracer/core",
    "version": "0.1.1",
    "lockfileVersion": 3,
    "requires": true,
    "packages": {
        "": {
            "name": "@visual-tracer/core",
            "version": "0.1.1",
            "license": "ISC",
            "dependencies": {
                "single-file-core": "^1.5.84"
            },
            "devDependencies": {
                "typescript": "^6.0.3"
            }
        },
        "node_modules/single-file-core": {
            "version": "1.5.84",
            "resolved": "https://registry.npmjs.org/single-file-core/-/single-file-core-1.5.84.tgz",
            "integrity": "sha512-P6rhA92eZNGZfc35Uudki4Z+H5Ged3gee9qSNcnfHnKZ2/R+V30USgLCooQf+ydraqYZYFe1NawKr0A4zz6Iog==",
            "license": "AGPL-3.0-or-later"
        },
        "node_modules/typescript": {
            "version": "6.0.3",
            "resolved": "https://registry.npmjs.org/typescript/-/typescript-6.0.3.tgz",
            "integrity": "sha512-y2TvuxSZPDyQakkFRPZHKFm+KKVqIisdg9/CZwm9ftvKXLP8NRWj38/ODjNbr43SsoXqNuAisEf1GdCxqWcdBw==",
            "dev": true,
            "license": "Apache-2.0",
            "bin": {
                "tsc": "bin/tsc",
                "tsserver": "bin/tsserver"
            },
            "engines": {
                "node": ">=14.17"
            }
        }
    }
}
